// !$*UTF8*$!
{
	archiveVersion = 1;
	classes = {
	};
	objectVersion = 50;
	objects = {

/* Begin PBXBuildFile section */
		129896F226BBE38A000B6CBA /* Tests_iOS.swift in Sources */ = {isa = PBXBuildFile; fileRef = 129896F126BBE38A000B6CBA /* Tests_iOS.swift */; };
		129896FD26BBE38A000B6CBA /* Tests_macOS.swift in Sources */ = {isa = PBXBuildFile; fileRef = 129896FC26BBE38A000B6CBA /* Tests_macOS.swift */; };
		129896FF26BBE38A000B6CBA /* HelloApp.swift in Sources */ = {isa = PBXBuildFile; fileRef = 129896D526BBE388000B6CBA /* HelloApp.swift */; };
		1298970026BBE38A000B6CBA /* HelloApp.swift in Sources */ = {isa = PBXBuildFile; fileRef = 129896D526BBE388000B6CBA /* HelloApp.swift */; };
		1298970126BBE38A000B6CBA /* HelloDocument.swift in Sources */ = {isa = PBXBuildFile; fileRef = 129896D626BBE388000B6CBA /* HelloDocument.swift */; };
		1298970226BBE38A000B6CBA /* HelloDocument.swift in Sources */ = {isa = PBXBuildFile; fileRef = 129896D626BBE388000B6CBA /* HelloDocument.swift */; };
		1298970326BBE38A000B6CBA /* ContentView.swift in Sources */ = {isa = PBXBuildFile; fileRef = 129896D726BBE388000B6CBA /* ContentView.swift */; };
		1298970426BBE38A000B6CBA /* ContentView.swift in Sources */ = {isa = PBXBuildFile; fileRef = 129896D726BBE388000B6CBA /* ContentView.swift */; };
		1298970526BBE38A000B6CBA /* Assets.xcassets in Resources */ = {isa = PBXBuildFile; fileRef = 129896D826BBE38A000B6CBA /* Assets.xcassets */; };
		1298970626BBE38A000B6CBA /* Assets.xcassets in Resources */ = {isa = PBXBuildFile; fileRef = 129896D826BBE38A000B6CBA /* Assets.xcassets */; };
/* End PBXBuildFile section */

/* Begin PBXContainerItemProxy section */
		129896EE26BBE38A000B6CBA /* PBXContainerItemProxy */ = {
			isa = PBXContainerItemProxy;
			containerPortal = 129896D026BBE388000B6CBA /* Project object */;
			proxyType = 1;
			remoteGlobalIDString = 129896DC26BBE38A000B6CBA;
			remoteInfo = "Hello (iOS)";
		};
		129896F926BBE38A000B6CBA /* PBXContainerItemProxy */ = {
			isa = PBXContainerItemProxy;
			containerPortal = 129896D026BBE388000B6CBA /* Project object */;
			proxyType = 1;
			remoteGlobalIDString = 129896E426BBE38A000B6CBA;
			remoteInfo = "Hello (macOS)";
		};
/* End PBXContainerItemProxy section */

/* Begin PBXFileReference section */
		129896D526BBE388000B6CBA /* HelloApp.swift */ = {isa = PBXFileReference; lastKnownFileType = sourcecode.swift; path = HelloApp.swift; sourceTree = "<group>"; };
		129896D626BBE388000B6CBA /* HelloDocument.swift */ = {isa = PBXFileReference; lastKnownFileType = sourcecode.swift; path = HelloDocument.swift; sourceTree = "<group>"; };
		129896D726BBE388000B6CBA /* ContentView.swift */ = {isa = PBXFileReference; lastKnownFileType = sourcecode.swift; path = ContentView.swift; sourceTree = "<group>"; };
		129896D826BBE38A000B6CBA /* Assets.xcassets */ = {isa = PBXFileReference; lastKnownFileType = folder.assetcatalog; path = Assets.xcassets; sourceTree = "<group>"; };
		129896DD26BBE38A000B6CBA /* Hello.app */ = {isa = PBXFileReference; explicitFileType = wrapper.application; includeInIndex = 0; path = Hello.app; sourceTree = BUILT_PRODUCTS_DIR; };
		129896E026BBE38A000B6CBA /* Info.plist */ = {isa = PBXFileReference; lastKnownFileType = text.plist.xml; path = Info.plist; sourceTree = "<group>"; };
		129896E526BBE38A000B6CBA /* Hello.app */ = {isa = PBXFileReference; explicitFileType = wrapper.application; includeInIndex = 0; path = Hello.app; sourceTree = BUILT_PRODUCTS_DIR; };
		129896E726BBE38A000B6CBA /* Info.plist */ = {isa = PBXFileReference; lastKnownFileType = text.plist.xml; path = Info.plist; sourceTree = "<group>"; };
		129896E826BBE38A000B6CBA /* macOS.entitlements */ = {isa = PBXFileReference; lastKnownFileType = text.plist.entitlements; path = macOS.entitlements; sourceTree = "<group>"; };
		129896ED26BBE38A000B6CBA /* Tests iOS.xctest */ = {isa = PBXFileReference; explicitFileType = wrapper.cfbundle; includeInIndex = 0; path = "Tests iOS.xctest"; sourceTree = BUILT_PRODUCTS_DIR; };
		129896F126BBE38A000B6CBA /* Tests_iOS.swift */ = {isa = PBXFileReference; lastKnownFileType = sourcecode.swift; path = Tests_iOS.swift; sourceTree = "<group>"; };
		129896F326BBE38A000B6CBA /* Info.plist */ = {isa = PBXFileReference; lastKnownFileType = text.plist.xml; path = Info.plist; sourceTree = "<group>"; };
		129896F826BBE38A000B6CBA /* Tests macOS.xctest */ = {isa = PBXFileReference; explicitFileType = wrapper.cfbundle; includeInIndex = 0; path = "Tests macOS.xctest"; sourceTree = BUILT_PRODUCTS_DIR; };
		129896FC26BBE38A000B6CBA /* Tests_macOS.swift */ = {isa = PBXFileReference; lastKnownFileType = sourcecode.swift; path = Tests_macOS.swift; sourceTree = "<group>"; };
		129896FE26BBE38A000B6CBA /* Info.plist */ = {isa = PBXFileReference; lastKnownFileType = text.plist.xml; path = Info.plist; sourceTree = "<group>"; };
/* End PBXFileReference section */

/* Begin PBXFrameworksBuildPhase section */
		129896DA26BBE38A000B6CBA /* Frameworks */ = {
			isa = PBXFrameworksBuildPhase;
			buildActionMask = 2147483647;
			files = (
			);
			runOnlyForDeploymentPostprocessing = 0;
		};
		129896E226BBE38A000B6CBA /* Frameworks */ = {
			isa = PBXFrameworksBuildPhase;
			buildActionMask = 2147483647;
			files = (
			);
			runOnlyForDeploymentPostprocessing = 0;
		};
		129896EA26BBE38A000B6CBA /* Frameworks */ = {
			isa = PBXFrameworksBuildPhase;
			buildActionMask = 2147483647;
			files = (
			);
			runOnlyForDeploymentPostprocessing = 0;
		};
		129896F526BBE38A000B6CBA /* Frameworks */ = {
			isa = PBXFrameworksBuildPhase;
			buildActionMask = 2147483647;
			files = (
			);
			runOnlyForDeploymentPostprocessing = 0;
		};
/* End PBXFrameworksBuildPhase section */

/* Begin PBXGroup section */
		129896CF26BBE388000B6CBA = {
			isa = PBXGroup;
			children = (
				129896D426BBE388000B6CBA /* Shared */,
				129896DF26BBE38A000B6CBA /* iOS */,
				129896E626BBE38A000B6CBA /* macOS */,
				129896F026BBE38A000B6CBA /* Tests iOS */,
				129896FB26BBE38A000B6CBA /* Tests macOS */,
				129896DE26BBE38A000B6CBA /* Products */,
			);
			sourceTree = "<group>";
		};
		129896D426BBE388000B6CBA /* Shared */ = {
			isa = PBXGroup;
			children = (
				129896D526BBE388000B6CBA /* HelloApp.swift */,
				129896D626BBE388000B6CBA /* HelloDocument.swift */,
				129896D726BBE388000B6CBA /* ContentView.swift */,
				129896D826BBE38A000B6CBA /* Assets.xcassets */,
			);
			path = Shared;
			sourceTree = "<group>";
		};
		129896DE26BBE38A000B6CBA /* Products */ = {
			isa = PBXGroup;
			children = (
				129896DD26BBE38A000B6CBA /* Hello.app */,
				129896E526BBE38A000B6CBA /* Hello.app */,
				129896ED26BBE38A000B6CBA /* Tests iOS.xctest */,
				129896F826BBE38A000B6CBA /* Tests macOS.xctest */,
			);
			name = Products;
			sourceTree = "<group>";
		};
		129896DF26BBE38A000B6CBA /* iOS */ = {
			isa = PBXGroup;
			children = (
				129896E026BBE38A000B6CBA /* Info.plist */,
			);
			path = iOS;
			sourceTree = "<group>";
		};
		129896E626BBE38A000B6CBA /* macOS */ = {
			isa = PBXGroup;
			children = (
				129896E726BBE38A000B6CBA /* Info.plist */,
				129896E826BBE38A000B6CBA /* macOS.entitlements */,
			);
			path = macOS;
			sourceTree = "<group>";
		};
		129896F026BBE38A000B6CBA /* Tests iOS */ = {
			isa = PBXGroup;
			children = (
				129896F126BBE38A000B6CBA /* Tests_iOS.swift */,
				129896F326BBE38A000B6CBA /* Info.plist */,
			);
			path = "Tests iOS";
			sourceTree = "<group>";
		};
		129896FB26BBE38A000B6CBA /* Tests macOS */ = {
			isa = PBXGroup;
			children = (
				129896FC26BBE38A000B6CBA /* Tests_macOS.swift */,
				129896FE26BBE38A000B6CBA /* Info.plist */,
			);
			path = "Tests macOS";
			sourceTree = "<group>";
		};
/* End PBXGroup section */

/* Begin PBXNativeTarget section */
		129896DC26BBE38A000B6CBA /* Hello (iOS) */ = {
			isa = PBXNativeTarget;
			buildConfigurationList = 1298970926BBE38A000B6CBA /* Build configuration list for PBXNativeTarget "Hello (iOS)" */;
			buildPhases = (
				129896D926BBE38A000B6CBA /* Sources */,
				129896DA26BBE38A000B6CBA /* Frameworks */,
				129896DB26BBE38A000B6CBA /* Resources */,
			);
			buildRules = (
			);
			dependencies = (
			);
			name = "Hello (iOS)";
			productName = "Hello (iOS)";
			productReference = 129896DD26BBE38A000B6CBA /* Hello.app */;
			productType = "com.apple.product-type.application";
		};
		129896E426BBE38A000B6CBA /* Hello (macOS) */ = {
			isa = PBXNativeTarget;
			buildConfigurationList = 1298970C26BBE38A000B6CBA /* Build configuration list for PBXNativeTarget "Hello (macOS)" */;
			buildPhases = (
				129896E126BBE38A000B6CBA /* Sources */,
				129896E226BBE38A000B6CBA /* Frameworks */,
				129896E326BBE38A000B6CBA /* Resources */,
			);
			buildRules = (
			);
			dependencies = (
			);
			name = "Hello (macOS)";
			productName = "Hello (macOS)";
			productReference = 129896E526BBE38A000B6CBA /* Hello.app */;
			productType = "com.apple.product-type.application";
		};
		129896EC26BBE38A000B6CBA /* Tests iOS */ = {
			isa = PBXNativeTarget;
			buildConfigurationList = 1298970F26BBE38A000B6CBA /* Build configuration list for PBXNativeTarget "Tests iOS" */;
			buildPhases = (
				129896E926BBE38A000B6CBA /* Sources */,
				129896EA26BBE38A000B6CBA /* Frameworks */,
				129896EB26BBE38A000B6CBA /* Resources */,
			);
			buildRules = (
			);
			dependencies = (
				129896EF26BBE38A000B6CBA /* PBXTargetDependency */,
			);
			name = "Tests iOS";
			productName = "Tests iOS";
			productReference = 129896ED26BBE38A000B6CBA /* Tests iOS.xctest */;
			productType = "com.apple.product-type.bundle.ui-testing";
		};
		129896F726BBE38A000B6CBA /* Tests macOS */ = {
			isa = PBXNativeTarget;
			buildConfigurationList = 1298971226BBE38A000B6CBA /* Build configuration list for PBXNativeTarget "Tests macOS" */;
			buildPhases = (
				129896F426BBE38A000B6CBA /* Sources */,
				129896F526BBE38A000B6CBA /* Frameworks */,
				129896F626BBE38A000B6CBA /* Resources */,
			);
			buildRules = (
			);
			dependencies = (
				129896FA26BBE38A000B6CBA /* PBXTargetDependency */,
			);
			name = "Tests macOS";
			productName = "Tests macOS";
			productReference = 129896F826BBE38A000B6CBA /* Tests macOS.xctest */;
			productType = "com.apple.product-type.bundle.ui-testing";
		};
/* End PBXNativeTarget section */

/* Begin PBXProject section */
		129896D026BBE388000B6CBA /* Project object */ = {
			isa = PBXProject;
			attributes = {
				LastSwiftUpdateCheck = 1250;
				LastUpgradeCheck = 1250;
				TargetAttributes = {
					129896DC26BBE38A000B6CBA = {
						CreatedOnToolsVersion = 12.5.1;
					};
					129896E426BBE38A000B6CBA = {
						CreatedOnToolsVersion = 12.5.1;
					};
					129896EC26BBE38A000B6CBA = {
						CreatedOnToolsVersion = 12.5.1;
						TestTargetID = 129896DC26BBE38A000B6CBA;
					};
					129896F726BBE38A000B6CBA = {
						CreatedOnToolsVersion = 12.5.1;
						TestTargetID = 129896E426BBE38A000B6CBA;
					};
				};
			};
			buildConfigurationList = 129896D326BBE388000B6CBA /* Build configuration list for PBXProject "Hello" */;
			compatibilityVersion = "Xcode 9.3";
			developmentRegion = en;
			hasScannedForEncodings = 0;
			knownRegions = (
				en,
				Base,
			);
			mainGroup = 129896CF26BBE388000B6CBA;
			productRefGroup = 129896DE26BBE38A000B6CBA /* Products */;
			projectDirPath = "";
			projectRoot = "";
			targets = (
				129896DC26BBE38A000B6CBA /* Hello (iOS) */,
				129896E426BBE38A000B6CBA /* Hello (macOS) */,
				129896EC26BBE38A000B6CBA /* Tests iOS */,
				129896F726BBE38A000B6CBA /* Tests macOS */,
			);
		};
/* End PBXProject section */

/* Begin PBXResourcesBuildPhase section */
		129896DB26BBE38A000B6CBA /* Resources */ = {
			isa = PBXResourcesBuildPhase;
			buildActionMask = 2147483647;
			files = (
				1298970526BBE38A000B6CBA /* Assets.xcassets in Resources */,
			);
			runOnlyForDeploymentPostprocessing = 0;
		};
		129896E326BBE38A000B6CBA /* Resources */ = {
			isa = PBXResourcesBuildPhase;
			buildActionMask = 2147483647;
			files = (
				1298970626BBE38A000B6CBA /* Assets.xcassets in Resources */,
			);
			runOnlyForDeploymentPostprocessing = 0;
		};
		129896EB26BBE38A000B6CBA /* Resources */ = {
			isa = PBXResourcesBuildPhase;
			buildActionMask = 2147483647;
			files = (
			);
			runOnlyForDeploymentPostprocessing = 0;
		};
		129896F626BBE38A000B6CBA /* Resources */ = {
			isa = PBXResourcesBuildPhase;
			buildActionMask = 2147483647;
			files = (
			);
			runOnlyForDeploymentPostprocessing = 0;
		};
/* End PBXResourcesBuildPhase section */

/* Begin PBXSourcesBuildPhase section */
		129896D926BBE38A000B6CBA /* Sources */ = {
			isa = PBXSourcesBuildPhase;
			buildActionMask = 2147483647;
			files = (
				129896FF26BBE38A000B6CBA /* HelloApp.swift in Sources */,
				1298970126BBE38A000B6CBA /* HelloDocument.swift in Sources */,
				1298970326BBE38A000B6CBA /* ContentView.swift in Sources */,
			);
			runOnlyForDeploymentPostprocessing = 0;
		};
		129896E126BBE38A000B6CBA /* Sources */ = {
			isa = PBXSourcesBuildPhase;
			buildActionMask = 2147483647;
			files = (
				1298970026BBE38A000B6CBA /* HelloApp.swift in Sources */,
				1298970226BBE38A000B6CBA /* HelloDocument.swift in Sources */,
				1298970426BBE38A000B6CBA /* ContentView.swift in Sources */,
			);
			runOnlyForDeploymentPostprocessing = 0;
		};
		129896E926BBE38A000B6CBA /* Sources */ = {
			isa = PBXSourcesBuildPhase;
			buildActionMask = 2147483647;
			files = (
				129896F226BBE38A000B6CBA /* Tests_iOS.swift in Sources */,
			);
			runOnlyForDeploymentPostprocessing = 0;
		};
		129896F426BBE38A000B6CBA /* Sources */ = {
			isa = PBXSourcesBuildPhase;
			buildActionMask = 2147483647;
			files = (
				129896FD26BBE38A000B6CBA /* Tests_macOS.swift in Sources */,
			);
			runOnlyForDeploymentPostprocessing = 0;
		};
/* End PBXSourcesBuildPhase section */

/* Begin PBXTargetDependency section */
		129896EF26BBE38A000B6CBA /* PBXTargetDependency */ = {
			isa = PBXTargetDependency;
			target = 129896DC26BBE38A000B6CBA /* Hello (iOS) */;
			targetProxy = 129896EE26BBE38A000B6CBA /* PBXContainerItemProxy */;
		};
		129896FA26BBE38A000B6CBA /* PBXTargetDependency */ = {
			isa = PBXTargetDependency;
			target = 129896E426BBE38A000B6CBA /* Hello (macOS) */;
			targetProxy = 129896F926BBE38A000B6CBA /* PBXContainerItemProxy */;
		};
/* End PBXTargetDependency section */

/* Begin XCBuildConfiguration section */
		1298970726BBE38A000B6CBA /* Debug */ = {
			isa = XCBuildConfiguration;
			buildSettings = {
				ALWAYS_SEARCH_USER_PATHS = NO;
				CLANG_ANALYZER_NONNULL = YES;
				CLANG_ANALYZER_NUMBER_OBJECT_CONVERSION = YES_AGGRESSIVE;
				CLANG_CXX_LANGUAGE_STANDARD = "gnu++14";
				CLANG_CXX_LIBRARY = "libc++";
				CLANG_ENABLE_MODULES = YES;
				CLANG_ENABLE_OBJC_ARC = YES;
				CLANG_ENABLE_OBJC_WEAK = YES;
				CLANG_WARN_BLOCK_CAPTURE_AUTORELEASING = YES;
				CLANG_WARN_BOOL_CONVERSION = YES;
				CLANG_WARN_COMMA = YES;
				CLANG_WARN_CONSTANT_CONVERSION = YES;
				CLANG_WARN_DEPRECATED_OBJC_IMPLEMENTATIONS = YES;
				CLANG_WARN_DIRECT_OBJC_ISA_USAGE = YES_ERROR;
				CLANG_WARN_DOCUMENTATION_COMMENTS = YES;
				CLANG_WARN_EMPTY_BODY = YES;
				CLANG_WARN_ENUM_CONVERSION = YES;
				CLANG_WARN_INFINITE_RECURSION = YES;
				CLANG_WARN_INT_CONVERSION = YES;
				CLANG_WARN_NON_LITERAL_NULL_CONVERSION = YES;
				CLANG_WARN_OBJC_IMPLICIT_RETAIN_SELF = YES;
				CLANG_WARN_OBJC_LITERAL_CONVERSION = YES;
				CLANG_WARN_OBJC_ROOT_CLASS = YES_ERROR;
				CLANG_WARN_QUOTED_INCLUDE_IN_FRAMEWORK_HEADER = YES;
				CLANG_WARN_RANGE_LOOP_ANALYSIS = YES;
				CLANG_WARN_STRICT_PROTOTYPES = YES;
				CLANG_WARN_SUSPICIOUS_MOVE = YES;
				CLANG_WARN_UNGUARDED_AVAILABILITY = YES_AGGRESSIVE;
				CLANG_WARN_UNREACHABLE_CODE = YES;
				CLANG_WARN__DUPLICATE_METHOD_MATCH = YES;
				COPY_PHASE_STRIP = NO;
				DEBUG_INFORMATION_FORMAT = dwarf;
				ENABLE_STRICT_OBJC_MSGSEND = YES;
				ENABLE_TESTABILITY = YES;
				GCC_C_LANGUAGE_STANDARD = gnu11;
				GCC_DYNAMIC_NO_PIC = NO;
				GCC_NO_COMMON_BLOCKS = YES;
				GCC_OPTIMIZATION_LEVEL = 0;
				GCC_PREPROCESSOR_DEFINITIONS = (
					"DEBUG=1",
					"$(inherited)",
				);
				GCC_WARN_64_TO_32_BIT_CONVERSION = YES;
				GCC_WARN_ABOUT_RETURN_TYPE = YES_ERROR;
				GCC_WARN_UNDECLARED_SELECTOR = YES;
				GCC_WARN_UNINITIALIZED_AUTOS = YES_AGGRESSIVE;
				GCC_WARN_UNUSED_FUNCTION = YES;
				GCC_WARN_UNUSED_VARIABLE = YES;
				MTL_ENABLE_DEBUG_INFO = INCLUDE_SOURCE;
				MTL_FAST_MATH = YES;
				ONLY_ACTIVE_ARCH = YES;
				SWIFT_ACTIVE_COMPILATION_CONDITIONS = DEBUG;
				SWIFT_OPTIMIZATION_LEVEL = "-Onone";
			};
			name = Debug;
		};
		1298970826BBE38A000B6CBA /* Release */ = {
			isa = XCBuildConfiguration;
			buildSettings = {
				ALWAYS_SEARCH_USER_PATHS = NO;
				CLANG_ANALYZER_NONNULL = YES;
				CLANG_ANALYZER_NUMBER_OBJECT_CONVERSION = YES_AGGRESSIVE;
				CLANG_CXX_LANGUAGE_STANDARD = "gnu++14";
				CLANG_CXX_LIBRARY = "libc++";
				CLANG_ENABLE_MODULES = YES;
				CLANG_ENABLE_OBJC_ARC = YES;
				CLANG_ENABLE_OBJC_WEAK = YES;
				CLANG_WARN_BLOCK_CAPTURE_AUTORELEASING = YES;
				CLANG_WARN_BOOL_CONVERSION = YES;
				CLANG_WARN_COMMA = YES;
				CLANG_WARN_CONSTANT_CONVERSION = YES;
				CLANG_WARN_DEPRECATED_OBJC_IMPLEMENTATIONS = YES;
				CLANG_WARN_DIRECT_OBJC_ISA_USAGE = YES_ERROR;
				CLANG_WARN_DOCUMENTATION_COMMENTS = YES;
				CLANG_WARN_EMPTY_BODY = YES;
				CLANG_WARN_ENUM_CONVERSION = YES;
				CLANG_WARN_INFINITE_RECURSION = YES;
				CLANG_WARN_INT_CONVERSION = YES;
				CLANG_WARN_NON_LITERAL_NULL_CONVERSION = YES;
				CLANG_WARN_OBJC_IMPLICIT_RETAIN_SELF = YES;
				CLANG_WARN_OBJC_LITERAL_CONVERSION = YES;
				CLANG_WARN_OBJC_ROOT_CLASS = YES_ERROR;
				CLANG_WARN_QUOTED_INCLUDE_IN_FRAMEWORK_HEADER = YES;
				CLANG_WARN_RANGE_LOOP_ANALYSIS = YES;
				CLANG_WARN_STRICT_PROTOTYPES = YES;
				CLANG_WARN_SUSPICIOUS_MOVE = YES;
				CLANG_WARN_UNGUARDED_AVAILABILITY = YES_AGGRESSIVE;
				CLANG_WARN_UNREACHABLE_CODE = YES;
				CLANG_WARN__DUPLICATE_METHOD_MATCH = YES;
				COPY_PHASE_STRIP = NO;
				DEBUG_INFORMATION_FORMAT = "dwarf-with-dsym";
				ENABLE_NS_ASSERTIONS = NO;
				ENABLE_STRICT_OBJC_MSGSEND = YES;
				GCC_C_LANGUAGE_STANDARD = gnu11;
				GCC_NO_COMMON_BLOCKS = YES;
				GCC_WARN_64_TO_32_BIT_CONVERSION = YES;
				GCC_WARN_ABOUT_RETURN_TYPE = YES_ERROR;
				GCC_WARN_UNDECLARED_SELECTOR = YES;
				GCC_WARN_UNINITIALIZED_AUTOS = YES_AGGRESSIVE;
				GCC_WARN_UNUSED_FUNCTION = YES;
				GCC_WARN_UNUSED_VARIABLE = YES;
				MTL_ENABLE_DEBUG_INFO = NO;
				MTL_FAST_MATH = YES;
				SWIFT_COMPILATION_MODE = wholemodule;
				SWIFT_OPTIMIZATION_LEVEL = "-O";
			};
			name = Release;
		};
		1298970A26BBE38A000B6CBA /* Debug */ = {
			isa = XCBuildConfiguration;
			buildSettings = {
				ASSETCATALOG_COMPILER_APPICON_NAME = AppIcon;
				ASSETCATALOG_COMPILER_GLOBAL_ACCENT_COLOR_NAME = AccentColor;
				CODE_SIGN_STYLE = Automatic;
				ENABLE_PREVIEWS = YES;
				INFOPLIST_FILE = iOS/Info.plist;
				IPHONEOS_DEPLOYMENT_TARGET = 14.0;
				LD_RUNPATH_SEARCH_PATHS = (
					"$(inherited)",
					"@executable_path/Frameworks",
				);
				PRODUCT_BUNDLE_IDENTIFIER = ddd.Hello;
				PRODUCT_NAME = Hello;
				SDKROOT = iphoneos;
				SWIFT_VERSION = 5.0;
				TARGETED_DEVICE_FAMILY = "1,2";
			};
			name = Debug;
		};
		1298970B26BBE38A000B6CBA /* Release */ = {
			isa = XCBuildConfiguration;
			buildSettings = {
				ASSETCATALOG_COMPILER_APPICON_NAME = AppIcon;
				ASSETCATALOG_COMPILER_GLOBAL_ACCENT_COLOR_NAME = AccentColor;
				CODE_SIGN_STYLE = Automatic;
				ENABLE_PREVIEWS = YES;
				INFOPLIST_FILE = iOS/Info.plist;
				IPHONEOS_DEPLOYMENT_TARGET = 14.0;
				LD_RUNPATH_SEARCH_PATHS = (
					"$(inherited)",
					"@executable_path/Frameworks",
				);
				PRODUCT_BUNDLE_IDENTIFIER = ddd.Hello;
				PRODUCT_NAME = Hello;
				SDKROOT = iphoneos;
				SWIFT_VERSION = 5.0;
				TARGETED_DEVICE_FAMILY = "1,2";
				VALIDATE_PRODUCT = YES;
			};
			name = Release;
		};
		1298970D26BBE38A000B6CBA /* Debug */ = {
			isa = XCBuildConfiguration;
			buildSettings = {
				ASSETCATALOG_COMPILER_APPICON_NAME = AppIcon;
				ASSETCATALOG_COMPILER_GLOBAL_ACCENT_COLOR_NAME = AccentColor;
				CODE_SIGN_ENTITLEMENTS = macOS/macOS.entitlements;
				CODE_SIGN_STYLE = Automatic;
				COMBINE_HIDPI_IMAGES = YES;
				ENABLE_PREVIEWS = YES;
				INFOPLIST_FILE = macOS/Info.plist;
				LD_RUNPATH_SEARCH_PATHS = (
					"$(inherited)",
					"@executable_path/../Frameworks",
				);
				MACOSX_DEPLOYMENT_TARGET = 11.0;
				PRODUCT_BUNDLE_IDENTIFIER = ddd.Hello;
				PRODUCT_NAME = Hello;
				SDKROOT = macosx;
				SWIFT_VERSION = 5.0;
			};
			name = Debug;
		};
		1298970E26BBE38A000B6CBA /* Release */ = {
			isa = XCBuildConfiguration;
			buildSettings = {
				ASSETCATALOG_COMPILER_APPICON_NAME = AppIcon;
				ASSETCATALOG_COMPILER_GLOBAL_ACCENT_COLOR_NAME = AccentColor;
				CODE_SIGN_ENTITLEMENTS = macOS/macOS.entitlements;
				CODE_SIGN_STYLE = Automatic;
				COMBINE_HIDPI_IMAGES = YES;
				ENABLE_PREVIEWS = YES;
				INFOPLIST_FILE = macOS/Info.plist;
				LD_RUNPATH_SEARCH_PATHS = (
					"$(inherited)",
					"@executable_path/../Frameworks",
				);
				MACOSX_DEPLOYMENT_TARGET = 11.0;
				PRODUCT_BUNDLE_IDENTIFIER = ddd.Hello;
				PRODUCT_NAME = Hello;
				SDKROOT = macosx;
				SWIFT_VERSION = 5.0;
			};
			name = Release;
		};
		1298971026BBE38A000B6CBA /* Debug */ = {
			isa = XCBuildConfiguration;
			buildSettings = {
				ALWAYS_EMBED_SWIFT_STANDARD_LIBRARIES = YES;
				CODE_SIGN_STYLE = Automatic;
				INFOPLIST_FILE = "Tests iOS/Info.plist";
				IPHONEOS_DEPLOYMENT_TARGET = 14.5;
				LD_RUNPATH_SEARCH_PATHS = (
					"$(inherited)",
					"@executable_path/Frameworks",
					"@loader_path/Frameworks",
				);
				PRODUCT_BUNDLE_IDENTIFIER = "ddd.Tests-iOS";
				PRODUCT_NAME = "$(TARGET_NAME)";
				SDKROOT = iphoneos;
				SWIFT_VERSION = 5.0;
				TARGETED_DEVICE_FAMILY = "1,2";
				TEST_TARGET_NAME = "Hello (iOS)";
			};
			name = Debug;
		};
		1298971126BBE38A000B6CBA /* Release */ = {
			isa = XCBuildConfiguration;
			buildSettings = {
				ALWAYS_EMBED_SWIFT_STANDARD_LIBRARIES = YES;
				CODE_SIGN_STYLE = Automatic;
				INFOPLIST_FILE = "Tests iOS/Info.plist";
				IPHONEOS_DEPLOYMENT_TARGET = 14.5;
				LD_RUNPATH_SEARCH_PATHS = (
					"$(inherited)",
					"@executable_path/Frameworks",
					"@loader_path/Frameworks",
				);
				PRODUCT_BUNDLE_IDENTIFIER = "ddd.Tests-iOS";
				PRODUCT_NAME = "$(TARGET_NAME)";
				SDKROOT = iphoneos;
				SWIFT_VERSION = 5.0;
				TARGETED_DEVICE_FAMILY = "1,2";
				TEST_TARGET_NAME = "Hello (iOS)";
				VALIDATE_PRODUCT = YES;
			};
			name = Release;
		};
		1298971326BBE38A000B6CBA /* Debug */ = {
			isa = XCBuildConfiguration;
			buildSettings = {
				ALWAYS_EMBED_SWIFT_STANDARD_LIBRARIES = YES;
				CODE_SIGN_STYLE = Automatic;
				COMBINE_HIDPI_IMAGES = YES;
				INFOPLIST_FILE = "Tests macOS/Info.plist";
				LD_RUNPATH_SEARCH_PATHS = (
					"$(inherited)",
					"@executable_path/../Frameworks",
					"@loader_path/../Frameworks",
				);
				MACOSX_DEPLOYMENT_TARGET = 11.3;
				PRODUCT_BUNDLE_IDENTIFIER = "ddd.Tests-macOS";
				PRODUCT_NAME = "$(TARGET_NAME)";
				SDKROOT = macosx;
				SWIFT_VERSION = 5.0;
				TEST_TARGET_NAME = "Hello (macOS)";
			};
			name = Debug;
		};
		1298971426BBE38A000B6CBA /* Release */ = {
			isa = XCBuildConfiguration;
			buildSettings = {
				ALWAYS_EMBED_SWIFT_STANDARD_LIBRARIES = YES;
				CODE_SIGN_STYLE = Automatic;
				COMBINE_HIDPI_IMAGES = YES;
				INFOPLIST_FILE = "Tests macOS/Info.plist";
				LD_RUNPATH_SEARCH_PATHS = (
					"$(inherited)",
					"@executable_path/../Frameworks",
					"@loader_path/../Frameworks",
				);
				MACOSX_DEPLOYMENT_TARGET = 11.3;
				PRODUCT_BUNDLE_IDENTIFIER = "ddd.Tests-macOS";
				PRODUCT_NAME = "$(TARGET_NAME)";
				SDKROOT = macosx;
				SWIFT_VERSION = 5.0;
				TEST_TARGET_NAME = "Hello (macOS)";
			};
			name = Release;
		};
/* End XCBuildConfiguration section */

/* Begin XCConfigurationList section */
		129896D326BBE388000B6CBA /* Build configuration list for PBXProject "Hello" */ = {
			isa = XCConfigurationList;
			buildConfigurations = (
				1298970726BBE38A000B6CBA /* Debug */,
				1298970826BBE38A000B6CBA /* Release */,
			);
			defaultConfigurationIsVisible = 0;
			defaultConfigurationName = Release;
		};
		1298970926BBE38A000B6CBA /* Build configuration list for PBXNativeTarget "Hello (iOS)" */ = {
			isa = XCConfigurationList;
			buildConfigurations = (
				1298970A26BBE38A000B6CBA /* Debug */,
				1298970B26BBE38A000B6CBA /* Release */,
			);
			defaultConfigurationIsVisible = 0;
			defaultConfigurationName = Release;
		};
		1298970C26BBE38A000B6CBA /* Build configuration list for PBXNativeTarget "Hello (macOS)" */ = {
			isa = XCConfigurationList;
			buildConfigurations = (
				1298970D26BBE38A000B6CBA /* Debug */,
				1298970E26BBE38A000B6CBA /* Release */,
			);
			defaultConfigurationIsVisible = 0;
			defaultConfigurationName = Release;
		};
		1298970F26BBE38A000B6CBA /* Build configuration list for PBXNativeTarget "Tests iOS" */ = {
			isa = XCConfigurationList;
			buildConfigurations = (
				1298971026BBE38A000B6CBA /* Debug */,
				1298971126BBE38A000B6CBA /* Release */,
			);
			defaultConfigurationIsVisible = 0;
			defaultConfigurationName = Release;
		};
		1298971226BBE38A000B6CBA /* Build configuration list for PBXNativeTarget "Tests macOS" */ = {
			isa = XCConfigurationList;
			buildConfigurations = (
				1298971326BBE38A000B6CBA /* Debug */,
				1298971426BBE38A000B6CBA /* Release */,
			);
			defaultConfigurationIsVisible = 0;
			defaultConfigurationName = Release;
		};
/* End XCConfigurationList section */
	};
	rootObject = 129896D026BBE388000B6CBA /* Project object */;
}
